
Microsoft Visual Studio Solution File, Format Version 12.00
# Visual Studio 14
VisualStudioVersion = 14.0.25420.1
MinimumVisualStudioVersion = 10.0.40219.1
Project("{FAE04EC0-301F-11D3-BF4B-00C04F79EFBC}") = "ContinuousIntegration", "ContinuousIntegration\ContinuousIntegration.csproj", "{7A28F229-6543-419D-AA4B-3699064E2240}"
EndProject
Project("{FAE04EC0-301F-11D3-BF4B-00C04F79EFBC}") = "UnitTestContinuousIntegration", "UnitTestContinuousIntegration\UnitTestContinuousIntegration.csproj", "{F96C8F4B-AEB5-4670-80DA-54747F9BB1B2}"
EndProject
Global
	GlobalSection(SolutionConfigurationPlatforms) = preSolution
		Debug|Any CPU = Debug|Any CPU
		Release|Any CPU = Release|Any CPU
	EndGlobalSection
	GlobalSection(ProjectConfigurationPlatforms) = postSolution
		{7A28F229-6543-419D-AA4B-3699064E2240}.Debug|Any CPU.ActiveCfg = Debug|Any CPU
		{7A28F229-6543-419D-AA4B-3699064E2240}.Debug|Any CPU.Build.0 = Debug|Any CPU
		{7A28F229-6543-419D-AA4B-3699064E2240}.Release|Any CPU.ActiveCfg = Release|Any CPU
		{7A28F229-6543-419D-AA4B-3699064E2240}.Release|Any CPU.Build.0 = Release|Any CPU
		{F96C8F4B-AEB5-4670-80DA-54747F9BB1B2}.Debug|Any CPU.ActiveCfg = Debug|Any CPU
		{F96C8F4B-AEB5-4670-80DA-54747F9BB1B2}.Debug|Any CPU.Build.0 = Debug|Any CPU
		{F96C8F4B-AEB5-4670-80DA-54747F9BB1B2}.Release|Any CPU.ActiveCfg = Release|Any CPU
		{F96C8F4B-AEB5-4670-80DA-54747F9BB1B2}.Release|Any CPU.Build.0 = Release|Any CPU
	EndGlobalSection
	GlobalSection(SolutionProperties) = preSolution
		HideSolutionNode = FALSE
	EndGlobalSection
EndGlobal
